// !$*UTF8*$!
{
	archiveVersion = 1;
	classes = {
	};
	objectVersion = 46;
	objects = {

/* Begin PBXBuildFile section */
		5093936EB18FAADEA6102E41 /* libPods.a in Frameworks */ = {isa = PBXBuildFile; fileRef = 97C317EEDCD8668A8F82EDE3 /* libPods.a */; };
		F72B9F631DAAA62900BDB0D7 /* LoginViewController.m in Sources */ = {isa = PBXBuildFile; fileRef = F72B9F621DAAA62900BDB0D7 /* LoginViewController.m */; };
		F72B9F681DAAA66800BDB0D7 /* AccessToken.m in Sources */ = {isa = PBXBuildFile; fileRef = F72B9F671DAAA66800BDB0D7 /* AccessToken.m */; };
		F7C55E491DAAFA6800D4544E /* User.m in Sources */ = {isa = PBXBuildFile; fileRef = F7C55E481DAAFA6800D4544E /* User.m */; };
		F7F8A4991D7B56250002EE24 /* main.m in Sources */ = {isa = PBXBuildFile; fileRef = F7F8A4981D7B56250002EE24 /* main.m */; };
		F7F8A49C1D7B56250002EE24 /* AppDelegate.m in Sources */ = {isa = PBXBuildFile; fileRef = F7F8A49B1D7B56250002EE24 /* AppDelegate.m */; };
		F7F8A49F1D7B56250002EE24 /* ViewController.m in Sources */ = {isa = PBXBuildFile; fileRef = F7F8A49E1D7B56250002EE24 /* ViewController.m */; };
		F7F8A4A21D7B56250002EE24 /* Main.storyboard in Resources */ = {isa = PBXBuildFile; fileRef = F7F8A4A01D7B56250002EE24 /* Main.storyboard */; };
		F7F8A4A41D7B56250002EE24 /* Assets.xcassets in Resources */ = {isa = PBXBuildFile; fileRef = F7F8A4A31D7B56250002EE24 /* Assets.xcassets */; };
		F7F8A4A71D7B56250002EE24 /* LaunchScreen.storyboard in Resources */ = {isa = PBXBuildFile; fileRef = F7F8A4A51D7B56250002EE24 /* LaunchScreen.storyboard */; };
		F7F8A4B21D7B56250002EE24 /* GuestBookTests.m in Sources */ = {isa = PBXBuildFile; fileRef = F7F8A4B11D7B56250002EE24 /* GuestBookTests.m */; };
		F7F8A4BE1D7B59600002EE24 /* ServerManager.m in Sources */ = {isa = PBXBuildFile; fileRef = F7F8A4BD1D7B59600002EE24 /* ServerManager.m */; };
/* End PBXBuildFile section */

/* Begin PBXContainerItemProxy section */
		F7F8A4AE1D7B56250002EE24 /* PBXContainerItemProxy */ = {
			isa = PBXContainerItemProxy;
			containerPortal = F7F8A48C1D7B56250002EE24 /* Project object */;
			proxyType = 1;
			remoteGlobalIDString = F7F8A4931D7B56250002EE24;
			remoteInfo = GuestBook;
		};
/* End PBXContainerItemProxy section */

/* Begin PBXFileReference section */
		6FEC397597F0524C1442B52F /* Pods.release.xcconfig */ = {isa = PBXFileReference; includeInIndex = 1; lastKnownFileType = text.xcconfig; name = Pods.release.xcconfig; path = "Pods/Target Support Files/Pods/Pods.release.xcconfig"; sourceTree = "<group>"; };
		7949A9E38EC4E55F55A7867D /* Pods.debug.xcconfig */ = {isa = PBXFileReference; includeInIndex = 1; lastKnownFileType = text.xcconfig; name = Pods.debug.xcconfig; path = "Pods/Target Support Files/Pods/Pods.debug.xcconfig"; sourceTree = "<group>"; };
		97C317EEDCD8668A8F82EDE3 /* libPods.a */ = {isa = PBXFileReference; explicitFileType = archive.ar; includeInIndex = 0; path = libPods.a; sourceTree = BUILT_PRODUCTS_DIR; };
		F72B9F611DAAA62900BDB0D7 /* LoginViewController.h */ = {isa = PBXFileReference; fileEncoding = 4; lastKnownFileType = sourcecode.c.h; path = LoginViewController.h; sourceTree = "<group>"; };
		F72B9F621DAAA62900BDB0D7 /* LoginViewController.m */ = {isa = PBXFileReference; fileEncoding = 4; lastKnownFileType = sourcecode.c.objc; path = LoginViewController.m; sourceTree = "<group>"; };
		F72B9F661DAAA66800BDB0D7 /* AccessToken.h */ = {isa = PBXFileReference; fileEncoding = 4; lastKnownFileType = sourcecode.c.h; path = AccessToken.h; sourceTree = "<group>"; };
		F72B9F671DAAA66800BDB0D7 /* AccessToken.m */ = {isa = PBXFileReference; fileEncoding = 4; lastKnownFileType = sourcecode.c.objc; path = AccessToken.m; sourceTree = "<group>"; };
		F7C55E471DAAFA6800D4544E /* User.h */ = {isa = PBXFileReference; fileEncoding = 4; lastKnownFileType = sourcecode.c.h; path = User.h; sourceTree = "<group>"; };
		F7C55E481DAAFA6800D4544E /* User.m */ = {isa = PBXFileReference; fileEncoding = 4; lastKnownFileType = sourcecode.c.objc; path = User.m; sourceTree = "<group>"; };
		F7F8A4941D7B56250002EE24 /* GuestBook.app */ = {isa = PBXFileReference; explicitFileType = wrapper.application; includeInIndex = 0; path = GuestBook.app; sourceTree = BUILT_PRODUCTS_DIR; };
		F7F8A4981D7B56250002EE24 /* main.m */ = {isa = PBXFileReference; lastKnownFileType = sourcecode.c.objc; path = main.m; sourceTree = "<group>"; };
		F7F8A49A1D7B56250002EE24 /* AppDelegate.h */ = {isa = PBXFileReference; lastKnownFileType = sourcecode.c.h; path = AppDelegate.h; sourceTree = "<group>"; };
		F7F8A49B1D7B56250002EE24 /* AppDelegate.m */ = {isa = PBXFileReference; lastKnownFileType = sourcecode.c.objc; path = AppDelegate.m; sourceTree = "<group>"; };
		F7F8A49D1D7B56250002EE24 /* ViewController.h */ = {isa = PBXFileReference; lastKnownFileType = sourcecode.c.h; path = ViewController.h; sourceTree = "<group>"; };
		F7F8A49E1D7B56250002EE24 /* ViewController.m */ = {isa = PBXFileReference; lastKnownFileType = sourcecode.c.objc; path = ViewController.m; sourceTree = "<group>"; };
		F7F8A4A11D7B56250002EE24 /* Base */ = {isa = PBXFileReference; lastKnownFileType = file.storyboard; name = Base; path = Base.lproj/Main.storyboard; sourceTree = "<group>"; };
		F7F8A4A31D7B56250002EE24 /* Assets.xcassets */ = {isa = PBXFileReference; lastKnownFileType = folder.assetcatalog; path = Assets.xcassets; sourceTree = "<group>"; };
		F7F8A4A61D7B56250002EE24 /* Base */ = {isa = PBXFileReference; lastKnownFileType = file.storyboard; name = Base; path = Base.lproj/LaunchScreen.storyboard; sourceTree = "<group>"; };
		F7F8A4A81D7B56250002EE24 /* Info.plist */ = {isa = PBXFileReference; lastKnownFileType = text.plist.xml; path = Info.plist; sourceTree = "<group>"; };
		F7F8A4AD1D7B56250002EE24 /* GuestBookTests.xctest */ = {isa = PBXFileReference; explicitFileType = wrapper.cfbundle; includeInIndex = 0; path = GuestBookTests.xctest; sourceTree = BUILT_PRODUCTS_DIR; };
		F7F8A4B11D7B56250002EE24 /* GuestBookTests.m */ = {isa = PBXFileReference; lastKnownFileType = sourcecode.c.objc; path = GuestBookTests.m; sourceTree = "<group>"; };
		F7F8A4B31D7B56250002EE24 /* Info.plist */ = {isa = PBXFileReference; lastKnownFileType = text.plist.xml; path = Info.plist; sourceTree = "<group>"; };
		F7F8A4BC1D7B59600002EE24 /* ServerManager.h */ = {isa = PBXFileReference; fileEncoding = 4; lastKnownFileType = sourcecode.c.h; name = ServerManager.h; path = ../ServerManager.h; sourceTree = "<group>"; };
		F7F8A4BD1D7B59600002EE24 /* ServerManager.m */ = {isa = PBXFileReference; fileEncoding = 4; lastKnownFileType = sourcecode.c.objc; name = ServerManager.m; path = ../ServerManager.m; sourceTree = "<group>"; };
/* End PBXFileReference section */

/* Begin PBXFrameworksBuildPhase section */
		F7F8A4911D7B56250002EE24 /* Frameworks */ = {
			isa = PBXFrameworksBuildPhase;
			buildActionMask = 2147483647;
			files = (
				5093936EB18FAADEA6102E41 /* libPods.a in Frameworks */,
			);
			runOnlyForDeploymentPostprocessing = 0;
		};
		F7F8A4AA1D7B56250002EE24 /* Frameworks */ = {
			isa = PBXFrameworksBuildPhase;
			buildActionMask = 2147483647;
			files = (
			);
			runOnlyForDeploymentPostprocessing = 0;
		};
/* End PBXFrameworksBuildPhase section */

/* Begin PBXGroup section */
		045805C67B5F69BE490B0900 /* Frameworks */ = {
			isa = PBXGroup;
			children = (
				97C317EEDCD8668A8F82EDE3 /* libPods.a */,
			);
			name = Frameworks;
			sourceTree = "<group>";
		};
		38CF8BCCE4015CC774E1DE56 /* Pods */ = {
			isa = PBXGroup;
			children = (
				7949A9E38EC4E55F55A7867D /* Pods.debug.xcconfig */,
				6FEC397597F0524C1442B52F /* Pods.release.xcconfig */,
			);
			name = Pods;
			sourceTree = "<group>";
		};
		F72B9F641DAAA62C00BDB0D7 /* Model */ = {
			isa = PBXGroup;
			children = (
				F7F8A4BC1D7B59600002EE24 /* ServerManager.h */,
				F7F8A4BD1D7B59600002EE24 /* ServerManager.m */,
				F7C55E471DAAFA6800D4544E /* User.h */,
				F7C55E481DAAFA6800D4544E /* User.m */,
				F72B9F651DAAA64100BDB0D7 /* Login */,
			);
			name = Model;
			sourceTree = "<group>";
		};
		F72B9F651DAAA64100BDB0D7 /* Login */ = {
			isa = PBXGroup;
			children = (
				F72B9F661DAAA66800BDB0D7 /* AccessToken.h */,
				F72B9F671DAAA66800BDB0D7 /* AccessToken.m */,
				F72B9F611DAAA62900BDB0D7 /* LoginViewController.h */,
				F72B9F621DAAA62900BDB0D7 /* LoginViewController.m */,
			);
			name = Login;
			sourceTree = "<group>";
		};
		F7F8A48B1D7B56250002EE24 = {
			isa = PBXGroup;
			children = (
				F7F8A4961D7B56250002EE24 /* GuestBook */,
				F7F8A4B01D7B56250002EE24 /* GuestBookTests */,
				F7F8A4951D7B56250002EE24 /* Products */,
				38CF8BCCE4015CC774E1DE56 /* Pods */,
				045805C67B5F69BE490B0900 /* Frameworks */,
			);
			sourceTree = "<group>";
		};
		F7F8A4951D7B56250002EE24 /* Products */ = {
			isa = PBXGroup;
			children = (
				F7F8A4941D7B56250002EE24 /* GuestBook.app */,
				F7F8A4AD1D7B56250002EE24 /* GuestBookTests.xctest */,
			);
			name = Products;
			sourceTree = "<group>";
		};
		F7F8A4961D7B56250002EE24 /* GuestBook */ = {
			isa = PBXGroup;
			children = (
				F72B9F641DAAA62C00BDB0D7 /* Model */,
				F7F8A49A1D7B56250002EE24 /* AppDelegate.h */,
				F7F8A49B1D7B56250002EE24 /* AppDelegate.m */,
				F7F8A49D1D7B56250002EE24 /* ViewController.h */,
				F7F8A49E1D7B56250002EE24 /* ViewController.m */,
				F7F8A4A01D7B56250002EE24 /* Main.storyboard */,
				F7F8A4A31D7B56250002EE24 /* Assets.xcassets */,
				F7F8A4A51D7B56250002EE24 /* LaunchScreen.storyboard */,
				F7F8A4A81D7B56250002EE24 /* Info.plist */,
				F7F8A4971D7B56250002EE24 /* Supporting Files */,
			);
			path = GuestBook;
			sourceTree = "<group>";
		};
		F7F8A4971D7B56250002EE24 /* Supporting Files */ = {
			isa = PBXGroup;
			children = (
				F7F8A4981D7B56250002EE24 /* main.m */,
			);
			name = "Supporting Files";
			sourceTree = "<group>";
		};
		F7F8A4B01D7B56250002EE24 /* GuestBookTests */ = {
			isa = PBXGroup;
			children = (
				F7F8A4B11D7B56250002EE24 /* GuestBookTests.m */,
				F7F8A4B31D7B56250002EE24 /* Info.plist */,
			);
			path = GuestBookTests;
			sourceTree = "<group>";
		};
/* End PBXGroup section */

/* Begin PBXNativeTarget section */
		F7F8A4931D7B56250002EE24 /* GuestBook */ = {
			isa = PBXNativeTarget;
			buildConfigurationList = F7F8A4B61D7B56250002EE24 /* Build configuration list for PBXNativeTarget "GuestBook" */;
			buildPhases = (
				46C446B6B3BFCDBE0790C066 /* Check Pods Manifest.lock */,
				F7F8A4901D7B56250002EE24 /* Sources */,
				F7F8A4911D7B56250002EE24 /* Frameworks */,
				F7F8A4921D7B56250002EE24 /* Resources */,
				27FB852C4E65FB0CF1E80F0C /* Embed Pods Frameworks */,
				6C0A27C8F3015D81CBC0370A /* Copy Pods Resources */,
			);
			buildRules = (
			);
			dependencies = (
			);
			name = GuestBook;
			productName = GuestBook;
			productReference = F7F8A4941D7B56250002EE24 /* GuestBook.app */;
			productType = "com.apple.product-type.application";
		};
		F7F8A4AC1D7B56250002EE24 /* GuestBookTests */ = {
			isa = PBXNativeTarget;
			buildConfigurationList = F7F8A4B91D7B56250002EE24 /* Build configuration list for PBXNativeTarget "GuestBookTests" */;
			buildPhases = (
				F7F8A4A91D7B56250002EE24 /* Sources */,
				F7F8A4AA1D7B56250002EE24 /* Frameworks */,
				F7F8A4AB1D7B56250002EE24 /* Resources */,
			);
			buildRules = (
			);
			dependencies = (
				F7F8A4AF1D7B56250002EE24 /* PBXTargetDependency */,
			);
			name = GuestBookTests;
			productName = GuestBookTests;
			productReference = F7F8A4AD1D7B56250002EE24 /* GuestBookTests.xctest */;
			productType = "com.apple.product-type.bundle.unit-test";
		};
/* End PBXNativeTarget section */

/* Begin PBXProject section */
		F7F8A48C1D7B56250002EE24 /* Project object */ = {
			isa = PBXProject;
			attributes = {
				LastUpgradeCheck = 0810;
				ORGANIZATIONNAME = "Maksim Fadeichev";
				TargetAttributes = {
					F7F8A4931D7B56250002EE24 = {
						CreatedOnToolsVersion = 7.3.1;
						DevelopmentTeam = 2449GW6RCL;
					};
					F7F8A4AC1D7B56250002EE24 = {
						CreatedOnToolsVersion = 7.3.1;
						TestTargetID = F7F8A4931D7B56250002EE24;
					};
				};
			};
			buildConfigurationList = F7F8A48F1D7B56250002EE24 /* Build configuration list for PBXProject "GuestBook" */;
			compatibilityVersion = "Xcode 3.2";
			developmentRegion = English;
			hasScannedForEncodings = 0;
			knownRegions = (
				en,
				Base,
			);
			mainGroup = F7F8A48B1D7B56250002EE24;
			productRefGroup = F7F8A4951D7B56250002EE24 /* Products */;
			projectDirPath = "";
			projectRoot = "";
			targets = (
				F7F8A4931D7B56250002EE24 /* GuestBook */,
				F7F8A4AC1D7B56250002EE24 /* GuestBookTests */,
			);
		};
/* End PBXProject section */

/* Begin PBXResourcesBuildPhase section */
		F7F8A4921D7B56250002EE24 /* Resources */ = {
			isa = PBXResourcesBuildPhase;
			buildActionMask = 2147483647;
			files = (
				F7F8A4A71D7B56250002EE24 /* LaunchScreen.storyboard in Resources */,
				F7F8A4A41D7B56250002EE24 /* Assets.xcassets in Resources */,
				F7F8A4A21D7B56250002EE24 /* Main.storyboard in Resources */,
			);
			runOnlyForDeploymentPostprocessing = 0;
		};
		F7F8A4AB1D7B56250002EE24 /* Resources */ = {
			isa = PBXResourcesBuildPhase;
			buildActionMask = 2147483647;
			files = (
			);
			runOnlyForDeploymentPostprocessing = 0;
		};
/* End PBXResourcesBuildPhase section */

/* Begin PBXShellScriptBuildPhase section */
		27FB852C4E65FB0CF1E80F0C /* Embed Pods Frameworks */ = {
			isa = PBXShellScriptBuildPhase;
			buildActionMask = 2147483647;
			files = (
			);
			inputPaths = (
			);
			name = "Embed Pods Frameworks";
			outputPaths = (
			);
			runOnlyForDeploymentPostprocessing = 0;
			shellPath = /bin/sh;
			shellScript = "\"${SRCROOT}/Pods/Target Support Files/Pods/Pods-frameworks.sh\"\n";
			showEnvVarsInLog = 0;
		};
		46C446B6B3BFCDBE0790C066 /* Check Pods Manifest.lock */ = {
			isa = PBXShellScriptBuildPhase;
			buildActionMask = 2147483647;
			files = (
			);
			inputPaths = (
			);
			name = "Check Pods Manifest.lock";
			outputPaths = (
			);
			runOnlyForDeploymentPostprocessing = 0;
			shellPath = /bin/sh;
			shellScript = "diff \"${PODS_ROOT}/../Podfile.lock\" \"${PODS_ROOT}/Manifest.lock\" > /dev/null\nif [[ $? != 0 ]] ; then\n    cat << EOM\nerror: The sandbox is not in sync with the Podfile.lock. Run 'pod install' or update your CocoaPods installation.\nEOM\n    exit 1\nfi\n";
			showEnvVarsInLog = 0;
		};
		6C0A27C8F3015D81CBC0370A /* Copy Pods Resources */ = {
			isa = PBXShellScriptBuildPhase;
			buildActionMask = 2147483647;
			files = (
			);
			inputPaths = (
			);
			name = "Copy Pods Resources";
			outputPaths = (
			);
			runOnlyForDeploymentPostprocessing = 0;
			shellPath = /bin/sh;
			shellScript = "\"${SRCROOT}/Pods/Target Support Files/Pods/Pods-resources.sh\"\n";
			showEnvVarsInLog = 0;
		};
/* End PBXShellScriptBuildPhase section */

/* Begin PBXSourcesBuildPhase section */
		F7F8A4901D7B56250002EE24 /* Sources */ = {
			isa = PBXSourcesBuildPhase;
			buildActionMask = 2147483647;
			files = (
				F7F8A4BE1D7B59600002EE24 /* ServerManager.m in Sources */,
				F7C55E491DAAFA6800D4544E /* User.m in Sources */,
				F7F8A49F1D7B56250002EE24 /* ViewController.m in Sources */,
				F7F8A49C1D7B56250002EE24 /* AppDelegate.m in Sources */,
				F7F8A4991D7B56250002EE24 /* main.m in Sources */,
				F72B9F631DAAA62900BDB0D7 /* LoginViewController.m in Sources */,
				F72B9F681DAAA66800BDB0D7 /* AccessToken.m in Sources */,
			);
			runOnlyForDeploymentPostprocessing = 0;
		};
		F7F8A4A91D7B56250002EE24 /* Sources */ = {
			isa = PBXSourcesBuildPhase;
			buildActionMask = 2147483647;
			files = (
				F7F8A4B21D7B56250002EE24 /* GuestBookTests.m in Sources */,
			);
			runOnlyForDeploymentPostprocessing = 0;
		};
/* End PBXSourcesBuildPhase section */

/* Begin PBXTargetDependency section */
		F7F8A4AF1D7B56250002EE24 /* PBXTargetDependency */ = {
			isa = PBXTargetDependency;
			target = F7F8A4931D7B56250002EE24 /* GuestBook */;
			targetProxy = F7F8A4AE1D7B56250002EE24 /* PBXContainerItemProxy */;
		};
/* End PBXTargetDependency section */

/* Begin PBXVariantGroup section */
		F7F8A4A01D7B56250002EE24 /* Main.storyboard */ = {
			isa = PBXVariantGroup;
			children = (
				F7F8A4A11D7B56250002EE24 /* Base */,
			);
			name = Main.storyboard;
			sourceTree = "<group>";
		};
		F7F8A4A51D7B56250002EE24 /* LaunchScreen.storyboard */ = {
			isa = PBXVariantGroup;
			children = (
				F7F8A4A61D7B56250002EE24 /* Base */,
			);
			name = LaunchScreen.storyboard;
			sourceTree = "<group>";
		};
/* End PBXVariantGroup section */

/* Begin XCBuildConfiguration section */
		F7F8A4B41D7B56250002EE24 /* Debug */ = {
			isa = XCBuildConfiguration;
			buildSettings = {
				ALWAYS_SEARCH_USER_PATHS = NO;
				CLANG_ANALYZER_NONNULL = YES;
				CLANG_CXX_LANGUAGE_STANDARD = "gnu++0x";
				CLANG_CXX_LIBRARY = "libc++";
				CLANG_ENABLE_MODULES = YES;
				CLANG_ENABLE_OBJC_ARC = YES;
				CLANG_WARN_BOOL_CONVERSION = YES;
				CLANG_WARN_CONSTANT_CONVERSION = YES;
				CLANG_WARN_DIRECT_OBJC_ISA_USAGE = YES_ERROR;
				CLANG_WARN_EMPTY_BODY = YES;
				CLANG_WARN_ENUM_CONVERSION = YES;
				CLANG_WARN_INFINITE_RECURSION = YES;
				CLANG_WARN_INT_CONVERSION = YES;
				CLANG_WARN_OBJC_ROOT_CLASS = YES_ERROR;
				CLANG_WARN_SUSPICIOUS_MOVE = YES;
				CLANG_WARN_UNREACHABLE_CODE = YES;
				CLANG_WARN__DUPLICATE_METHOD_MATCH = YES;
				"CODE_SIGN_IDENTITY[sdk=iphoneos*]" = "iPhone Developer";
				COPY_PHASE_STRIP = NO;
				DEBUG_INFORMATION_FORMAT = dwarf;
				ENABLE_STRICT_OBJC_MSGSEND = YES;
				ENABLE_TESTABILITY = YES;
				GCC_C_LANGUAGE_STANDARD = gnu99;
				GCC_DYNAMIC_NO_PIC = NO;
				GCC_NO_COMMON_BLOCKS = YES;
				GCC_OPTIMIZATION_LEVEL = 0;
				GCC_PREPROCESSOR_DEFINITIONS = (
					"DEBUG=1",
					"$(inherited)",
				);
				GCC_WARN_64_TO_32_BIT_CONVERSION = YES;
				GCC_WARN_ABOUT_RETURN_TYPE = YES_ERROR;
				GCC_WARN_UNDECLARED_SELECTOR = YES;
				GCC_WARN_UNINITIALIZED_AUTOS = YES_AGGRESSIVE;
				GCC_WARN_UNUSED_FUNCTION = YES;
				GCC_WARN_UNUSED_VARIABLE = YES;
				IPHONEOS_DEPLOYMENT_TARGET = 8.0;
				MTL_ENABLE_DEBUG_INFO = YES;
				ONLY_ACTIVE_ARCH = YES;
				SDKROOT = iphoneos;
			};
			name = Debug;
		};
		F7F8A4B51D7B56250002EE24 /* Release */ = {
			isa = XCBuildConfiguration;
			buildSettings = {
				ALWAYS_SEARCH_USER_PATHS = NO;
				CLANG_ANALYZER_NONNULL = YES;
				CLANG_CXX_LANGUAGE_STANDARD = "gnu++0x";
				CLANG_CXX_LIBRARY = "libc++";
				CLANG_ENABLE_MODULES = YES;
				CLANG_ENABLE_OBJC_ARC = YES;
				CLANG_WARN_BOOL_CONVERSION = YES;
				CLANG_WARN_CONSTANT_CONVERSION = YES;
				CLANG_WARN_DIRECT_OBJC_ISA_USAGE = YES_ERROR;
				CLANG_WARN_EMPTY_BODY = YES;
				CLANG_WARN_ENUM_CONVERSION = YES;
				CLANG_WARN_INFINITE_RECURSION = YES;
				CLANG_WARN_INT_CONVERSION = YES;
				CLANG_WARN_OBJC_ROOT_CLASS = YES_ERROR;
				CLANG_WARN_SUSPICIOUS_MOVE = YES;
				CLANG_WARN_UNREACHABLE_CODE = YES;
				CLANG_WARN__DUPLICATE_METHOD_MATCH = YES;
				"CODE_SIGN_IDENTITY[sdk=iphoneos*]" = "iPhone Developer";
				COPY_PHASE_STRIP = NO;
				DEBUG_INFORMATION_FORMAT = "dwarf-with-dsym";
				ENABLE_NS_ASSERTIONS = NO;
				ENABLE_STRICT_OBJC_MSGSEND = YES;
				GCC_C_LANGUAGE_STANDARD = gnu99;
				GCC_NO_COMMON_BLOCKS = YES;
				GCC_WARN_64_TO_32_BIT_CONVERSION = YES;
				GCC_WARN_ABOUT_RETURN_TYPE = YES_ERROR;
				GCC_WARN_UNDECLARED_SELECTOR = YES;
				GCC_WARN_UNINITIALIZED_AUTOS = YES_AGGRESSIVE;
				GCC_WARN_UNUSED_FUNCTION = YES;
				GCC_WARN_UNUSED_VARIABLE = YES;
				IPHONEOS_DEPLOYMENT_TARGET = 8.0;
				MTL_ENABLE_DEBUG_INFO = NO;
				SDKROOT = iphoneos;
				VALIDATE_PRODUCT = YES;
			};
			name = Release;
		};
		F7F8A4B71D7B56250002EE24 /* Debug */ = {
			isa = XCBuildConfiguration;
			baseConfigurationReference = 7949A9E38EC4E55F55A7867D /* Pods.debug.xcconfig */;
			buildSettings = {
				ASSETCATALOG_COMPILER_APPICON_NAME = AppIcon;
				CODE_SIGN_IDENTITY = "iPhone Developer";
				INFOPLIST_FILE = GuestBook/Info.plist;
				LD_RUNPATH_SEARCH_PATHS = "$(inherited) @executable_path/Frameworks";
				PRODUCT_BUNDLE_IDENTIFIER = Compay.GuestBook;
				PRODUCT_NAME = "$(TARGET_NAME)";
			};
			name = Debug;
		};
		F7F8A4B81D7B56250002EE24 /* Release */ = {
			isa = XCBuildConfiguration;
			baseConfigurationReference = 6FEC397597F0524C1442B52F /* Pods.release.xcconfig */;
			buildSettings = {
				ASSETCATALOG_COMPILER_APPICON_NAME = AppIcon;
				CODE_SIGN_IDENTITY = "iPhone Developer";
				INFOPLIST_FILE = GuestBook/Info.plist;
				LD_RUNPATH_SEARCH_PATHS = "$(inherited) @executable_path/Frameworks";
				PRODUCT_BUNDLE_IDENTIFIER = Compay.GuestBook;
				PRODUCT_NAME = "$(TARGET_NAME)";
			};
			name = Release;
		};
		F7F8A4BA1D7B56250002EE24 /* Debug */ = {
			isa = XCBuildConfiguration;
			buildSettings = {
				BUNDLE_LOADER = "$(TEST_HOST)";
				INFOPLIST_FILE = GuestBookTests/Info.plist;
				LD_RUNPATH_SEARCH_PATHS = "$(inherited) @executable_path/Frameworks @loader_path/Frameworks";
				PRODUCT_BUNDLE_IDENTIFIER = Compay.GuestBookTests;
				PRODUCT_NAME = "$(TARGET_NAME)";
				TEST_HOST = "$(BUILT_PRODUCTS_DIR)/GuestBook.app/GuestBook";
			};
			name = Debug;
		};
		F7F8A4BB1D7B56250002EE24 /* Release */ = {
			isa = XCBuildConfiguration;
			buildSettings = {
				BUNDLE_LOADER = "$(TEST_HOST)";
				INFOPLIST_FILE = GuestBookTests/Info.plist;
				LD_RUNPATH_SEARCH_PATHS = "$(inherited) @executable_path/Frameworks @loader_path/Frameworks";
				PRODUCT_BUNDLE_IDENTIFIER = Compay.GuestBookTests;
				PRODUCT_NAME = "$(TARGET_NAME)";
				TEST_HOST = "$(BUILT_PRODUCTS_DIR)/GuestBook.app/GuestBook";
			};
			name = Release;
		};
/* End XCBuildConfiguration section */

/* Begin XCConfigurationList section */
		F7F8A48F1D7B56250002EE24 /* Build configuration list for PBXProject "GuestBook" */ = {
			isa = XCConfigurationList;
			buildConfigurations = (
				F7F8A4B41D7B56250002EE24 /* Debug */,
				F7F8A4B51D7B56250002EE24 /* Release */,
			);
			defaultConfigurationIsVisible = 0;
			defaultConfigurationName = Release;
		};
		F7F8A4B61D7B56250002EE24 /* Build configuration list for PBXNativeTarget "GuestBook" */ = {
			isa = XCConfigurationList;
			buildConfigurations = (
				F7F8A4B71D7B56250002EE24 /* Debug */,
				F7F8A4B81D7B56250002EE24 /* Release */,
			);
			defaultConfigurationIsVisible = 0;
			defaultConfigurationName = Release;
		};
		F7F8A4B91D7B56250002EE24 /* Build configuration list for PBXNativeTarget "GuestBookTests" */ = {
			isa = XCConfigurationList;
			buildConfigurations = (
				F7F8A4BA1D7B56250002EE24 /* Debug */,
				F7F8A4BB1D7B56250002EE24 /* Release */,
			);
			defaultConfigurationIsVisible = 0;
			defaultConfigurationName = Release;
		};
/* End XCConfigurationList section */
	};
	rootObject = F7F8A48C1D7B56250002EE24 /* Project object */;
}
